
Microsoft Visual Studio Solution File, Format Version 12.00
Project("{FAE04EC0-301F-11D3-BF4B-00C04F79EFBC}") = "TodoAPI", "TodoAPI\TodoAPI.csproj", "{F923ED8C-AF82-410A-B4FD-D33A4AF219CF}"
EndProject
Project("{FAE04EC0-301F-11D3-BF4B-00C04F79EFBC}") = "TodoAPI.Test", "TodoAPI.Test\TodoAPI.Test.csproj", "{6C1D9CA9-6532-4743-899A-F65A53D2F815}"
EndProject
Global
	GlobalSection(SolutionConfigurationPlatforms) = preSolution
		Debug|Any CPU = Debug|Any CPU
		Release|Any CPU = Release|Any CPU
	EndGlobalSection
	GlobalSection(ProjectConfigurationPlatforms) = postSolution
		{F923ED8C-AF82-410A-B4FD-D33A4AF219CF}.Debug|Any CPU.ActiveCfg = Debug|Any CPU
		{F923ED8C-AF82-410A-B4FD-D33A4AF219CF}.Debug|Any CPU.Build.0 = Debug|Any CPU
		{F923ED8C-AF82-410A-B4FD-D33A4AF219CF}.Release|Any CPU.ActiveCfg = Release|Any CPU
		{F923ED8C-AF82-410A-B4FD-D33A4AF219CF}.Release|Any CPU.Build.0 = Release|Any CPU
		{6C1D9CA9-6532-4743-899A-F65A53D2F815}.Debug|Any CPU.ActiveCfg = Debug|Any CPU
		{6C1D9CA9-6532-4743-899A-F65A53D2F815}.Debug|Any CPU.Build.0 = Debug|Any CPU
		{6C1D9CA9-6532-4743-899A-F65A53D2F815}.Release|Any CPU.ActiveCfg = Release|Any CPU
		{6C1D9CA9-6532-4743-899A-F65A53D2F815}.Release|Any CPU.Build.0 = Release|Any CPU
	EndGlobalSection
EndGlobal
